
Microsoft Visual Studio Solution File, Format Version 12.00
# Visual Studio Version 17
VisualStudioVersion = 17.7.34031.279
MinimumVisualStudioVersion = 10.0.40219.1
Project("{FAE04EC0-301F-11D3-BF4B-00C04F79EFBC}") = "WebApi", "WebApi\WebApi.csproj", "{15DEA55D-02CF-43AF-8C5D-2817E875E738}"
EndProject
Global
	GlobalSection(SolutionConfigurationPlatforms) = preSolution
		Debug|Any CPU = Debug|Any CPU
		Release|Any CPU = Release|Any CPU
	EndGlobalSection
	GlobalSection(ProjectConfigurationPlatforms) = postSolution
		{15DEA55D-02CF-43AF-8C5D-2817E875E738}.Debug|Any CPU.ActiveCfg = Debug|Any CPU
		{15DEA55D-02CF-43AF-8C5D-2817E875E738}.Debug|Any CPU.Build.0 = Debug|Any CPU
		{15DEA55D-02CF-43AF-8C5D-2817E875E738}.Release|Any CPU.ActiveCfg = Release|Any CPU
		{15DEA55D-02CF-43AF-8C5D-2817E875E738}.Release|Any CPU.Build.0 = Release|Any CPU
	EndGlobalSection
	GlobalSection(SolutionProperties) = preSolution
		HideSolutionNode = FALSE
	EndGlobalSection
	GlobalSection(ExtensibilityGlobals) = postSolution
		SolutionGuid = {05B883B2-3515-46A1-89FA-D1A1DDBE385C}
	EndGlobalSection
EndGlobal
